
Microsoft Visual Studio Solution File, Format Version 12.00
# Visual Studio Version 17
VisualStudioVersion = 17.0.31903.59
MinimumVisualStudioVersion = 10.0.40219.1
Project("{FAE04EC0-301F-11D3-BF4B-00C04F79EFBC}") = "BraketsTemplate", "BraketsTemplate\BraketsTemplate.csproj", "{F611F17E-2997-49AC-94CE-EE6888EAE766}"
EndProject
Project("{FAE04EC0-301F-11D3-BF4B-00C04F79EFBC}") = "Monogame.ImGuiNet", "MonoGame.ImGuiNet\Monogame.ImGuiNet.csproj", "{1CB479D0-FAD6-43C0-98F4-76052309CF01}"
EndProject
Global
	GlobalSection(SolutionConfigurationPlatforms) = preSolution
		Debug|Any CPU = Debug|Any CPU
		Release|Any CPU = Release|Any CPU
	EndGlobalSection
	GlobalSection(SolutionProperties) = preSolution
		HideSolutionNode = FALSE
	EndGlobalSection
	GlobalSection(ProjectConfigurationPlatforms) = postSolution
		{F611F17E-2997-49AC-94CE-EE6888EAE766}.Debug|Any CPU.ActiveCfg = Debug|Any CPU
		{F611F17E-2997-49AC-94CE-EE6888EAE766}.Debug|Any CPU.Build.0 = Debug|Any CPU
		{F611F17E-2997-49AC-94CE-EE6888EAE766}.Release|Any CPU.ActiveCfg = Release|Any CPU
		{F611F17E-2997-49AC-94CE-EE6888EAE766}.Release|Any CPU.Build.0 = Release|Any CPU
		{1CB479D0-FAD6-43C0-98F4-76052309CF01}.Debug|Any CPU.ActiveCfg = Debug|Any CPU
		{1CB479D0-FAD6-43C0-98F4-76052309CF01}.Debug|Any CPU.Build.0 = Debug|Any CPU
		{1CB479D0-FAD6-43C0-98F4-76052309CF01}.Release|Any CPU.ActiveCfg = Release|Any CPU
		{1CB479D0-FAD6-43C0-98F4-76052309CF01}.Release|Any CPU.Build.0 = Release|Any CPU
	EndGlobalSection
EndGlobal
